
Microsoft Visual Studio Solution File, Format Version 12.00
# Visual Studio Version 16
VisualStudioVersion = 16.0.31911.196
MinimumVisualStudioVersion = 10.0.40219.1
Project("{FAE04EC0-301F-11D3-BF4B-00C04F79EFBC}") = "Cau 1", "Cau 1\Cau 1.csproj", "{EFEE6F29-0F96-4E59-9CE6-E6819D47EC42}"
EndProject
Global
	GlobalSection(SolutionConfigurationPlatforms) = preSolution
		Debug|Any CPU = Debug|Any CPU
		Release|Any CPU = Release|Any CPU
	EndGlobalSection
	GlobalSection(ProjectConfigurationPlatforms) = postSolution
		{EFEE6F29-0F96-4E59-9CE6-E6819D47EC42}.Debug|Any CPU.ActiveCfg = Debug|Any CPU
		{EFEE6F29-0F96-4E59-9CE6-E6819D47EC42}.Debug|Any CPU.Build.0 = Debug|Any CPU
		{EFEE6F29-0F96-4E59-9CE6-E6819D47EC42}.Release|Any CPU.ActiveCfg = Release|Any CPU
		{EFEE6F29-0F96-4E59-9CE6-E6819D47EC42}.Release|Any CPU.Build.0 = Release|Any CPU
	EndGlobalSection
	GlobalSection(SolutionProperties) = preSolution
		HideSolutionNode = FALSE
	EndGlobalSection
	GlobalSection(ExtensibilityGlobals) = postSolution
		SolutionGuid = {C15B59E1-4C00-47EF-9F2D-A601FBC29BEF}
	EndGlobalSection
EndGlobal
